
Microsoft Visual Studio Solution File, Format Version 11.00
# Visual Studio 2010
Project("{FAE04EC0-301F-11D3-BF4B-00C04F79EFBC}") = "CoolCode", "CoolCode\CoolCode.csproj", "{FE4BE3F8-7EB9-4B55-AB41-E9F2ED9873E7}"
EndProject
Project("{2150E333-8FDC-42A3-9474-1A3956D46DE8}") = "Tests", "Tests", "{CE145AC9-2C6D-4A8A-BF85-9E2EAFB1EA77}"
EndProject
Project("{FAE04EC0-301F-11D3-BF4B-00C04F79EFBC}") = "CoolCode.Tests", "CoolCode.Tests\CoolCode.Tests.csproj", "{3406594F-9B5F-43FA-B94D-035EBB0FF8BA}"
EndProject
Project("{2150E333-8FDC-42A3-9474-1A3956D46DE8}") = "Core", "Core", "{45E9A02D-D579-44CC-8713-B6E0E4849CBC}"
EndProject
Project("{2150E333-8FDC-42A3-9474-1A3956D46DE8}") = "Presentation", "Presentation", "{11070BB0-FB62-4405-A141-DB7A6138A42A}"
EndProject
Project("{FAE04EC0-301F-11D3-BF4B-00C04F79EFBC}") = "CoolCode.Web", "CoolCode.Web\CoolCode.Web.csproj", "{150C29BA-B921-4331-834B-0FC0C7311D29}"
EndProject
Project("{FAE04EC0-301F-11D3-BF4B-00C04F79EFBC}") = "CoolCode.Core", "CoolCode.Core\CoolCode.Core.csproj", "{6B12C8F7-40DF-4ECC-AFB4-B48878CD233F}"
EndProject
Global
	GlobalSection(SolutionConfigurationPlatforms) = preSolution
		Debug|Any CPU = Debug|Any CPU
		Release|Any CPU = Release|Any CPU
	EndGlobalSection
	GlobalSection(ProjectConfigurationPlatforms) = postSolution
		{FE4BE3F8-7EB9-4B55-AB41-E9F2ED9873E7}.Debug|Any CPU.ActiveCfg = Debug|Any CPU
		{FE4BE3F8-7EB9-4B55-AB41-E9F2ED9873E7}.Debug|Any CPU.Build.0 = Debug|Any CPU
		{FE4BE3F8-7EB9-4B55-AB41-E9F2ED9873E7}.Release|Any CPU.ActiveCfg = Release|Any CPU
		{FE4BE3F8-7EB9-4B55-AB41-E9F2ED9873E7}.Release|Any CPU.Build.0 = Release|Any CPU
		{3406594F-9B5F-43FA-B94D-035EBB0FF8BA}.Debug|Any CPU.ActiveCfg = Debug|Any CPU
		{3406594F-9B5F-43FA-B94D-035EBB0FF8BA}.Debug|Any CPU.Build.0 = Debug|Any CPU
		{3406594F-9B5F-43FA-B94D-035EBB0FF8BA}.Release|Any CPU.ActiveCfg = Release|Any CPU
		{3406594F-9B5F-43FA-B94D-035EBB0FF8BA}.Release|Any CPU.Build.0 = Release|Any CPU
		{150C29BA-B921-4331-834B-0FC0C7311D29}.Debug|Any CPU.ActiveCfg = Debug|Any CPU
		{150C29BA-B921-4331-834B-0FC0C7311D29}.Debug|Any CPU.Build.0 = Debug|Any CPU
		{150C29BA-B921-4331-834B-0FC0C7311D29}.Release|Any CPU.ActiveCfg = Release|Any CPU
		{150C29BA-B921-4331-834B-0FC0C7311D29}.Release|Any CPU.Build.0 = Release|Any CPU
		{6B12C8F7-40DF-4ECC-AFB4-B48878CD233F}.Debug|Any CPU.ActiveCfg = Debug|Any CPU
		{6B12C8F7-40DF-4ECC-AFB4-B48878CD233F}.Debug|Any CPU.Build.0 = Debug|Any CPU
		{6B12C8F7-40DF-4ECC-AFB4-B48878CD233F}.Release|Any CPU.ActiveCfg = Release|Any CPU
		{6B12C8F7-40DF-4ECC-AFB4-B48878CD233F}.Release|Any CPU.Build.0 = Release|Any CPU
	EndGlobalSection
	GlobalSection(SolutionProperties) = preSolution
		HideSolutionNode = FALSE
	EndGlobalSection
	GlobalSection(NestedProjects) = preSolution
		{3406594F-9B5F-43FA-B94D-035EBB0FF8BA} = {CE145AC9-2C6D-4A8A-BF85-9E2EAFB1EA77}
		{FE4BE3F8-7EB9-4B55-AB41-E9F2ED9873E7} = {45E9A02D-D579-44CC-8713-B6E0E4849CBC}
		{6B12C8F7-40DF-4ECC-AFB4-B48878CD233F} = {45E9A02D-D579-44CC-8713-B6E0E4849CBC}
		{150C29BA-B921-4331-834B-0FC0C7311D29} = {11070BB0-FB62-4405-A141-DB7A6138A42A}
	EndGlobalSection
EndGlobal
